
Microsoft Visual Studio Solution File, Format Version 12.00
# Visual Studio 15
VisualStudioVersion = 15.0.26730.15
MinimumVisualStudioVersion = 10.0.40219.1
Project("{FAE04EC0-301F-11D3-BF4B-00C04F79EFBC}") = "MVC.UI", "MVC.UI\MVC.UI.csproj", "{CCE7FD57-6A78-47AC-9D31-3DFB690A56A6}"
EndProject
Project("{FAE04EC0-301F-11D3-BF4B-00C04F79EFBC}") = "Core", "Core\Core.csproj", "{0165625B-0446-4D33-B2BE-A7E52B7F69C1}"
EndProject
Project("{FAE04EC0-301F-11D3-BF4B-00C04F79EFBC}") = "Entities", "Entities\Entities.csproj", "{3D177127-34AA-4F1B-938E-553B2E5E7DDC}"
EndProject
Project("{FAE04EC0-301F-11D3-BF4B-00C04F79EFBC}") = "DAL", "DAL\DAL.csproj", "{EFDD17C7-2BB6-418D-BF3A-70FC1BC15121}"
EndProject
Project("{FAE04EC0-301F-11D3-BF4B-00C04F79EFBC}") = "BLL", "BLL\BLL.csproj", "{E674572E-F0AF-4BC5-9D79-F70D8844F4E7}"
EndProject
Global
	GlobalSection(SolutionConfigurationPlatforms) = preSolution
		Debug|Any CPU = Debug|Any CPU
		Release|Any CPU = Release|Any CPU
	EndGlobalSection
	GlobalSection(ProjectConfigurationPlatforms) = postSolution
		{CCE7FD57-6A78-47AC-9D31-3DFB690A56A6}.Debug|Any CPU.ActiveCfg = Debug|Any CPU
		{CCE7FD57-6A78-47AC-9D31-3DFB690A56A6}.Debug|Any CPU.Build.0 = Debug|Any CPU
		{CCE7FD57-6A78-47AC-9D31-3DFB690A56A6}.Release|Any CPU.ActiveCfg = Release|Any CPU
		{CCE7FD57-6A78-47AC-9D31-3DFB690A56A6}.Release|Any CPU.Build.0 = Release|Any CPU
		{0165625B-0446-4D33-B2BE-A7E52B7F69C1}.Debug|Any CPU.ActiveCfg = Debug|Any CPU
		{0165625B-0446-4D33-B2BE-A7E52B7F69C1}.Debug|Any CPU.Build.0 = Debug|Any CPU
		{0165625B-0446-4D33-B2BE-A7E52B7F69C1}.Release|Any CPU.ActiveCfg = Release|Any CPU
		{0165625B-0446-4D33-B2BE-A7E52B7F69C1}.Release|Any CPU.Build.0 = Release|Any CPU
		{3D177127-34AA-4F1B-938E-553B2E5E7DDC}.Debug|Any CPU.ActiveCfg = Debug|Any CPU
		{3D177127-34AA-4F1B-938E-553B2E5E7DDC}.Debug|Any CPU.Build.0 = Debug|Any CPU
		{3D177127-34AA-4F1B-938E-553B2E5E7DDC}.Release|Any CPU.ActiveCfg = Release|Any CPU
		{3D177127-34AA-4F1B-938E-553B2E5E7DDC}.Release|Any CPU.Build.0 = Release|Any CPU
		{EFDD17C7-2BB6-418D-BF3A-70FC1BC15121}.Debug|Any CPU.ActiveCfg = Debug|Any CPU
		{EFDD17C7-2BB6-418D-BF3A-70FC1BC15121}.Debug|Any CPU.Build.0 = Debug|Any CPU
		{EFDD17C7-2BB6-418D-BF3A-70FC1BC15121}.Release|Any CPU.ActiveCfg = Release|Any CPU
		{EFDD17C7-2BB6-418D-BF3A-70FC1BC15121}.Release|Any CPU.Build.0 = Release|Any CPU
		{E674572E-F0AF-4BC5-9D79-F70D8844F4E7}.Debug|Any CPU.ActiveCfg = Debug|Any CPU
		{E674572E-F0AF-4BC5-9D79-F70D8844F4E7}.Debug|Any CPU.Build.0 = Debug|Any CPU
		{E674572E-F0AF-4BC5-9D79-F70D8844F4E7}.Release|Any CPU.ActiveCfg = Release|Any CPU
		{E674572E-F0AF-4BC5-9D79-F70D8844F4E7}.Release|Any CPU.Build.0 = Release|Any CPU
	EndGlobalSection
	GlobalSection(SolutionProperties) = preSolution
		HideSolutionNode = FALSE
	EndGlobalSection
	GlobalSection(ExtensibilityGlobals) = postSolution
		SolutionGuid = {4EBF4FEE-6DC1-4A82-9BB1-69C86F41E367}
	EndGlobalSection
EndGlobal
